// !$*UTF8*$!
{
	archiveVersion = 1;
	classes = {
	};
	objectVersion = 55;
	objects = {

/* Begin PBXBuildFile section */
		C328AB3A27710C5700ABF465 /* AppDelegate.swift in Sources */ = {isa = PBXBuildFile; fileRef = C328AB3927710C5700ABF465 /* AppDelegate.swift */; };
		C328AB3C27710C5700ABF465 /* SceneDelegate.swift in Sources */ = {isa = PBXBuildFile; fileRef = C328AB3B27710C5700ABF465 /* SceneDelegate.swift */; };
		C328AB3E27710C5700ABF465 /* ViewController.swift in Sources */ = {isa = PBXBuildFile; fileRef = C328AB3D27710C5700ABF465 /* ViewController.swift */; };
		C328AB4127710C5700ABF465 /* Main.storyboard in Resources */ = {isa = PBXBuildFile; fileRef = C328AB3F27710C5700ABF465 /* Main.storyboard */; };
		C328AB4427710C5700ABF465 /* AlphaVantageTestProject.xcdatamodeld in Sources */ = {isa = PBXBuildFile; fileRef = C328AB4227710C5700ABF465 /* AlphaVantageTestProject.xcdatamodeld */; };
		C328AB4627710C5800ABF465 /* Assets.xcassets in Resources */ = {isa = PBXBuildFile; fileRef = C328AB4527710C5800ABF465 /* Assets.xcassets */; };
		C328AB4927710C5800ABF465 /* LaunchScreen.storyboard in Resources */ = {isa = PBXBuildFile; fileRef = C328AB4727710C5800ABF465 /* LaunchScreen.storyboard */; };
		C328AB5427710C5900ABF465 /* AlphaVantageTestProjectTests.swift in Sources */ = {isa = PBXBuildFile; fileRef = C328AB5327710C5900ABF465 /* AlphaVantageTestProjectTests.swift */; };
		C328AB5E27710C5900ABF465 /* AlphaVantageTestProjectUITests.swift in Sources */ = {isa = PBXBuildFile; fileRef = C328AB5D27710C5900ABF465 /* AlphaVantageTestProjectUITests.swift */; };
		C328AB6027710C5900ABF465 /* AlphaVantageTestProjectUITestsLaunchTests.swift in Sources */ = {isa = PBXBuildFile; fileRef = C328AB5F27710C5900ABF465 /* AlphaVantageTestProjectUITestsLaunchTests.swift */; };
		C328AB7027710CE700ABF465 /* Keys.swift in Sources */ = {isa = PBXBuildFile; fileRef = C328AB6F27710CE700ABF465 /* Keys.swift */; };
		C328AB76277241CD00ABF465 /* CSVParser.swift in Sources */ = {isa = PBXBuildFile; fileRef = C328AB75277241CD00ABF465 /* CSVParser.swift */; };
		C328ABA42773ACD700ABF465 /* AlphaVantageOnlineStore.swift in Sources */ = {isa = PBXBuildFile; fileRef = C328ABA32773ACD700ABF465 /* AlphaVantageOnlineStore.swift */; };
		C328ABA62773AD0400ABF465 /* LocalDataStore.swift in Sources */ = {isa = PBXBuildFile; fileRef = C328ABA52773AD0400ABF465 /* LocalDataStore.swift */; };
		C328ABAA2773AD4E00ABF465 /* AlphaVantageUrlProvider.swift in Sources */ = {isa = PBXBuildFile; fileRef = C328ABA92773AD4E00ABF465 /* AlphaVantageUrlProvider.swift */; };
		C328ABAD2773B2B700ABF465 /* SymbolDataClass.swift in Sources */ = {isa = PBXBuildFile; fileRef = C328ABAC2773B2B700ABF465 /* SymbolDataClass.swift */; };
		C328ABAF2773B7C900ABF465 /* AppDataStore.swift in Sources */ = {isa = PBXBuildFile; fileRef = C328ABAE2773B7C900ABF465 /* AppDataStore.swift */; };
		C328ABB12773BC3C00ABF465 /* SymbolReportingDataClass.swift in Sources */ = {isa = PBXBuildFile; fileRef = C328ABB02773BC3C00ABF465 /* SymbolReportingDataClass.swift */; };
		C328ABB72773C1B200ABF465 /* TabBarSearchViewController.swift in Sources */ = {isa = PBXBuildFile; fileRef = C328ABB62773C1B200ABF465 /* TabBarSearchViewController.swift */; };
		C328ABB92773C1CD00ABF465 /* TabBarSearchViewModelClass.swift in Sources */ = {isa = PBXBuildFile; fileRef = C328ABB82773C1CD00ABF465 /* TabBarSearchViewModelClass.swift */; };
		C328ABBC2773C4F400ABF465 /* TabBarSearchViewControllerTableViewCell.swift in Sources */ = {isa = PBXBuildFile; fileRef = C328ABBB2773C4F400ABF465 /* TabBarSearchViewControllerTableViewCell.swift */; };
		C328ABC22773CEEA00ABF465 /* SymbolReportingViewController.swift in Sources */ = {isa = PBXBuildFile; fileRef = C328ABC02773CEEA00ABF465 /* SymbolReportingViewController.swift */; };
		C328ABC32773CEEA00ABF465 /* SymbolReportingViewController.xib in Resources */ = {isa = PBXBuildFile; fileRef = C328ABC12773CEEA00ABF465 /* SymbolReportingViewController.xib */; };
		C328ABC72773CF2100ABF465 /* SymbolReportingViewControllerTableviewCell.swift in Sources */ = {isa = PBXBuildFile; fileRef = C328ABC52773CF2100ABF465 /* SymbolReportingViewControllerTableviewCell.swift */; };
		C328ABC82773CF2100ABF465 /* SymbolReportingViewControllerTableviewCell.xib in Resources */ = {isa = PBXBuildFile; fileRef = C328ABC62773CF2100ABF465 /* SymbolReportingViewControllerTableviewCell.xib */; };
		C328ABCA2773D56F00ABF465 /* SymbolReportingViewModelClass.swift in Sources */ = {isa = PBXBuildFile; fileRef = C328ABC92773D56F00ABF465 /* SymbolReportingViewModelClass.swift */; };
		C328ABCD2774004C00ABF465 /* TabBarUserLoginViewController.swift in Sources */ = {isa = PBXBuildFile; fileRef = C328ABCC2774004C00ABF465 /* TabBarUserLoginViewController.swift */; };
		C328ABD32774149200ABF465 /* Symbol+CoreDataClass.swift in Sources */ = {isa = PBXBuildFile; fileRef = C328ABCF2774149200ABF465 /* Symbol+CoreDataClass.swift */; };
		C328ABD42774149200ABF465 /* Symbol+CoreDataProperties.swift in Sources */ = {isa = PBXBuildFile; fileRef = C328ABD02774149200ABF465 /* Symbol+CoreDataProperties.swift */; };
		C328ABD52774149200ABF465 /* Users+CoreDataClass.swift in Sources */ = {isa = PBXBuildFile; fileRef = C328ABD12774149200ABF465 /* Users+CoreDataClass.swift */; };
		C328ABD62774149200ABF465 /* Users+CoreDataProperties.swift in Sources */ = {isa = PBXBuildFile; fileRef = C328ABD22774149200ABF465 /* Users+CoreDataProperties.swift */; };
/* End PBXBuildFile section */

/* Begin PBXContainerItemProxy section */
		C328AB5027710C5900ABF465 /* PBXContainerItemProxy */ = {
			isa = PBXContainerItemProxy;
			containerPortal = C328AB2E27710C5700ABF465 /* Project object */;
			proxyType = 1;
			remoteGlobalIDString = C328AB3527710C5700ABF465;
			remoteInfo = AlphaVantageTestProject;
		};
		C328AB5A27710C5900ABF465 /* PBXContainerItemProxy */ = {
			isa = PBXContainerItemProxy;
			containerPortal = C328AB2E27710C5700ABF465 /* Project object */;
			proxyType = 1;
			remoteGlobalIDString = C328AB3527710C5700ABF465;
			remoteInfo = AlphaVantageTestProject;
		};
/* End PBXContainerItemProxy section */

/* Begin PBXFileReference section */
		C328AB3627710C5700ABF465 /* AlphaVantageTestProject.app */ = {isa = PBXFileReference; explicitFileType = wrapper.application; includeInIndex = 0; path = AlphaVantageTestProject.app; sourceTree = BUILT_PRODUCTS_DIR; };
		C328AB3927710C5700ABF465 /* AppDelegate.swift */ = {isa = PBXFileReference; lastKnownFileType = sourcecode.swift; path = AppDelegate.swift; sourceTree = "<group>"; };
		C328AB3B27710C5700ABF465 /* SceneDelegate.swift */ = {isa = PBXFileReference; lastKnownFileType = sourcecode.swift; path = SceneDelegate.swift; sourceTree = "<group>"; };
		C328AB3D27710C5700ABF465 /* ViewController.swift */ = {isa = PBXFileReference; lastKnownFileType = sourcecode.swift; path = ViewController.swift; sourceTree = "<group>"; };
		C328AB4027710C5700ABF465 /* Base */ = {isa = PBXFileReference; lastKnownFileType = file.storyboard; name = Base; path = Base.lproj/Main.storyboard; sourceTree = "<group>"; };
		C328AB4327710C5700ABF465 /* AlphaVantageTestProject.xcdatamodel */ = {isa = PBXFileReference; lastKnownFileType = wrapper.xcdatamodel; path = AlphaVantageTestProject.xcdatamodel; sourceTree = "<group>"; };
		C328AB4527710C5800ABF465 /* Assets.xcassets */ = {isa = PBXFileReference; lastKnownFileType = folder.assetcatalog; path = Assets.xcassets; sourceTree = "<group>"; };
		C328AB4827710C5800ABF465 /* Base */ = {isa = PBXFileReference; lastKnownFileType = file.storyboard; name = Base; path = Base.lproj/LaunchScreen.storyboard; sourceTree = "<group>"; };
		C328AB4A27710C5800ABF465 /* Info.plist */ = {isa = PBXFileReference; lastKnownFileType = text.plist.xml; path = Info.plist; sourceTree = "<group>"; };
		C328AB4F27710C5900ABF465 /* AlphaVantageTestProjectTests.xctest */ = {isa = PBXFileReference; explicitFileType = wrapper.cfbundle; includeInIndex = 0; path = AlphaVantageTestProjectTests.xctest; sourceTree = BUILT_PRODUCTS_DIR; };
		C328AB5327710C5900ABF465 /* AlphaVantageTestProjectTests.swift */ = {isa = PBXFileReference; lastKnownFileType = sourcecode.swift; path = AlphaVantageTestProjectTests.swift; sourceTree = "<group>"; };
		C328AB5927710C5900ABF465 /* AlphaVantageTestProjectUITests.xctest */ = {isa = PBXFileReference; explicitFileType = wrapper.cfbundle; includeInIndex = 0; path = AlphaVantageTestProjectUITests.xctest; sourceTree = BUILT_PRODUCTS_DIR; };
		C328AB5D27710C5900ABF465 /* AlphaVantageTestProjectUITests.swift */ = {isa = PBXFileReference; lastKnownFileType = sourcecode.swift; path = AlphaVantageTestProjectUITests.swift; sourceTree = "<group>"; };
		C328AB5F27710C5900ABF465 /* AlphaVantageTestProjectUITestsLaunchTests.swift */ = {isa = PBXFileReference; lastKnownFileType = sourcecode.swift; path = AlphaVantageTestProjectUITestsLaunchTests.swift; sourceTree = "<group>"; };
		C328AB6F27710CE700ABF465 /* Keys.swift */ = {isa = PBXFileReference; lastKnownFileType = sourcecode.swift; path = Keys.swift; sourceTree = "<group>"; };
		C328AB75277241CD00ABF465 /* CSVParser.swift */ = {isa = PBXFileReference; lastKnownFileType = sourcecode.swift; path = CSVParser.swift; sourceTree = "<group>"; };
		C328ABA32773ACD700ABF465 /* AlphaVantageOnlineStore.swift */ = {isa = PBXFileReference; lastKnownFileType = sourcecode.swift; path = AlphaVantageOnlineStore.swift; sourceTree = "<group>"; };
		C328ABA52773AD0400ABF465 /* LocalDataStore.swift */ = {isa = PBXFileReference; lastKnownFileType = sourcecode.swift; path = LocalDataStore.swift; sourceTree = "<group>"; };
		C328ABA92773AD4E00ABF465 /* AlphaVantageUrlProvider.swift */ = {isa = PBXFileReference; lastKnownFileType = sourcecode.swift; path = AlphaVantageUrlProvider.swift; sourceTree = "<group>"; };
		C328ABAC2773B2B700ABF465 /* SymbolDataClass.swift */ = {isa = PBXFileReference; lastKnownFileType = sourcecode.swift; path = SymbolDataClass.swift; sourceTree = "<group>"; };
		C328ABAE2773B7C900ABF465 /* AppDataStore.swift */ = {isa = PBXFileReference; lastKnownFileType = sourcecode.swift; path = AppDataStore.swift; sourceTree = "<group>"; };
		C328ABB02773BC3C00ABF465 /* SymbolReportingDataClass.swift */ = {isa = PBXFileReference; lastKnownFileType = sourcecode.swift; path = SymbolReportingDataClass.swift; sourceTree = "<group>"; };
		C328ABB62773C1B200ABF465 /* TabBarSearchViewController.swift */ = {isa = PBXFileReference; lastKnownFileType = sourcecode.swift; path = TabBarSearchViewController.swift; sourceTree = "<group>"; };
		C328ABB82773C1CD00ABF465 /* TabBarSearchViewModelClass.swift */ = {isa = PBXFileReference; lastKnownFileType = sourcecode.swift; path = TabBarSearchViewModelClass.swift; sourceTree = "<group>"; };
		C328ABBB2773C4F400ABF465 /* TabBarSearchViewControllerTableViewCell.swift */ = {isa = PBXFileReference; lastKnownFileType = sourcecode.swift; path = TabBarSearchViewControllerTableViewCell.swift; sourceTree = "<group>"; };
		C328ABC02773CEEA00ABF465 /* SymbolReportingViewController.swift */ = {isa = PBXFileReference; lastKnownFileType = sourcecode.swift; path = SymbolReportingViewController.swift; sourceTree = "<group>"; };
		C328ABC12773CEEA00ABF465 /* SymbolReportingViewController.xib */ = {isa = PBXFileReference; lastKnownFileType = file.xib; path = SymbolReportingViewController.xib; sourceTree = "<group>"; };
		C328ABC52773CF2100ABF465 /* SymbolReportingViewControllerTableviewCell.swift */ = {isa = PBXFileReference; lastKnownFileType = sourcecode.swift; path = SymbolReportingViewControllerTableviewCell.swift; sourceTree = "<group>"; };
		C328ABC62773CF2100ABF465 /* SymbolReportingViewControllerTableviewCell.xib */ = {isa = PBXFileReference; lastKnownFileType = file.xib; path = SymbolReportingViewControllerTableviewCell.xib; sourceTree = "<group>"; };
		C328ABC92773D56F00ABF465 /* SymbolReportingViewModelClass.swift */ = {isa = PBXFileReference; lastKnownFileType = sourcecode.swift; path = SymbolReportingViewModelClass.swift; sourceTree = "<group>"; };
		C328ABCC2774004C00ABF465 /* TabBarUserLoginViewController.swift */ = {isa = PBXFileReference; lastKnownFileType = sourcecode.swift; path = TabBarUserLoginViewController.swift; sourceTree = "<group>"; };
		C328ABCF2774149200ABF465 /* Symbol+CoreDataClass.swift */ = {isa = PBXFileReference; lastKnownFileType = sourcecode.swift; path = "Symbol+CoreDataClass.swift"; sourceTree = "<group>"; };
		C328ABD02774149200ABF465 /* Symbol+CoreDataProperties.swift */ = {isa = PBXFileReference; lastKnownFileType = sourcecode.swift; path = "Symbol+CoreDataProperties.swift"; sourceTree = "<group>"; };
		C328ABD12774149200ABF465 /* Users+CoreDataClass.swift */ = {isa = PBXFileReference; lastKnownFileType = sourcecode.swift; path = "Users+CoreDataClass.swift"; sourceTree = "<group>"; };
		C328ABD22774149200ABF465 /* Users+CoreDataProperties.swift */ = {isa = PBXFileReference; lastKnownFileType = sourcecode.swift; path = "Users+CoreDataProperties.swift"; sourceTree = "<group>"; };
/* End PBXFileReference section */

/* Begin PBXFrameworksBuildPhase section */
		C328AB3327710C5700ABF465 /* Frameworks */ = {
			isa = PBXFrameworksBuildPhase;
			buildActionMask = 2147483647;
			files = (
			);
			runOnlyForDeploymentPostprocessing = 0;
		};
		C328AB4C27710C5900ABF465 /* Frameworks */ = {
			isa = PBXFrameworksBuildPhase;
			buildActionMask = 2147483647;
			files = (
			);
			runOnlyForDeploymentPostprocessing = 0;
		};
		C328AB5627710C5900ABF465 /* Frameworks */ = {
			isa = PBXFrameworksBuildPhase;
			buildActionMask = 2147483647;
			files = (
			);
			runOnlyForDeploymentPostprocessing = 0;
		};
/* End PBXFrameworksBuildPhase section */

/* Begin PBXGroup section */
		C328AB2D27710C5700ABF465 = {
			isa = PBXGroup;
			children = (
				C328AB3827710C5700ABF465 /* AlphaVantageTestProject */,
				C328AB5227710C5900ABF465 /* AlphaVantageTestProjectTests */,
				C328AB5C27710C5900ABF465 /* AlphaVantageTestProjectUITests */,
				C328AB3727710C5700ABF465 /* Products */,
			);
			sourceTree = "<group>";
		};
		C328AB3727710C5700ABF465 /* Products */ = {
			isa = PBXGroup;
			children = (
				C328AB3627710C5700ABF465 /* AlphaVantageTestProject.app */,
				C328AB4F27710C5900ABF465 /* AlphaVantageTestProjectTests.xctest */,
				C328AB5927710C5900ABF465 /* AlphaVantageTestProjectUITests.xctest */,
			);
			name = Products;
			sourceTree = "<group>";
		};
		C328AB3827710C5700ABF465 /* AlphaVantageTestProject */ = {
			isa = PBXGroup;
			children = (
				C328AB7127718A6A00ABF465 /* DataStore */,
				C328AB6E27710CC500ABF465 /* Constants */,
				C328AB6D27710C7000ABF465 /* SupportingClasses */,
				C328AB6C27710C5F00ABF465 /* ViewControllers */,
				C328AB3927710C5700ABF465 /* AppDelegate.swift */,
				C328AB3B27710C5700ABF465 /* SceneDelegate.swift */,
				C328AB3D27710C5700ABF465 /* ViewController.swift */,
				C328AB3F27710C5700ABF465 /* Main.storyboard */,
				C328AB4527710C5800ABF465 /* Assets.xcassets */,
				C328AB4727710C5800ABF465 /* LaunchScreen.storyboard */,
				C328AB4A27710C5800ABF465 /* Info.plist */,
				C328AB4227710C5700ABF465 /* AlphaVantageTestProject.xcdatamodeld */,
			);
			path = AlphaVantageTestProject;
			sourceTree = "<group>";
		};
		C328AB5227710C5900ABF465 /* AlphaVantageTestProjectTests */ = {
			isa = PBXGroup;
			children = (
				C328AB5327710C5900ABF465 /* AlphaVantageTestProjectTests.swift */,
			);
			path = AlphaVantageTestProjectTests;
			sourceTree = "<group>";
		};
		C328AB5C27710C5900ABF465 /* AlphaVantageTestProjectUITests */ = {
			isa = PBXGroup;
			children = (
				C328AB5D27710C5900ABF465 /* AlphaVantageTestProjectUITests.swift */,
				C328AB5F27710C5900ABF465 /* AlphaVantageTestProjectUITestsLaunchTests.swift */,
			);
			path = AlphaVantageTestProjectUITests;
			sourceTree = "<group>";
		};
		C328AB6C27710C5F00ABF465 /* ViewControllers */ = {
			isa = PBXGroup;
			children = (
				C328ABBD2773CEA900ABF465 /* SymbolReportingScreen */,
				C328ABB22773C14000ABF465 /* LandingTabBarScreen */,
			);
			path = ViewControllers;
			sourceTree = "<group>";
		};
		C328AB6D27710C7000ABF465 /* SupportingClasses */ = {
			isa = PBXGroup;
			children = (
				C328AB74277241B400ABF465 /* CSVParser */,
			);
			path = SupportingClasses;
			sourceTree = "<group>";
		};
		C328AB6E27710CC500ABF465 /* Constants */ = {
			isa = PBXGroup;
			children = (
				C328AB6F27710CE700ABF465 /* Keys.swift */,
			);
			path = Constants;
			sourceTree = "<group>";
		};
		C328AB7127718A6A00ABF465 /* DataStore */ = {
			isa = PBXGroup;
			children = (
				C328ABAB2773B24000ABF465 /* DataMappingClasses */,
				C328ABA82773AD2300ABF465 /* LocalDataStore */,
				C328ABA72773AD1600ABF465 /* OnlineDataStore */,
				C328ABAE2773B7C900ABF465 /* AppDataStore.swift */,
			);
			path = DataStore;
			sourceTree = "<group>";
		};
		C328AB74277241B400ABF465 /* CSVParser */ = {
			isa = PBXGroup;
			children = (
				C328AB75277241CD00ABF465 /* CSVParser.swift */,
			);
			path = CSVParser;
			sourceTree = "<group>";
		};
		C328ABA72773AD1600ABF465 /* OnlineDataStore */ = {
			isa = PBXGroup;
			children = (
				C328ABA92773AD4E00ABF465 /* AlphaVantageUrlProvider.swift */,
				C328ABA32773ACD700ABF465 /* AlphaVantageOnlineStore.swift */,
			);
			path = OnlineDataStore;
			sourceTree = "<group>";
		};
		C328ABA82773AD2300ABF465 /* LocalDataStore */ = {
			isa = PBXGroup;
			children = (
				C328ABCE2774143700ABF465 /* CoreDataClasses */,
				C328ABA52773AD0400ABF465 /* LocalDataStore.swift */,
			);
			path = LocalDataStore;
			sourceTree = "<group>";
		};
		C328ABAB2773B24000ABF465 /* DataMappingClasses */ = {
			isa = PBXGroup;
			children = (
				C328ABAC2773B2B700ABF465 /* SymbolDataClass.swift */,
				C328ABB02773BC3C00ABF465 /* SymbolReportingDataClass.swift */,
			);
			path = DataMappingClasses;
			sourceTree = "<group>";
		};
		C328ABB22773C14000ABF465 /* LandingTabBarScreen */ = {
			isa = PBXGroup;
			children = (
				C328ABCB2774002400ABF465 /* TabBarUserLoginScreen */,
				C328ABB32773C16400ABF465 /* TabBarSearchScreen */,
			);
			path = LandingTabBarScreen;
			sourceTree = "<group>";
		};
		C328ABB32773C16400ABF465 /* TabBarSearchScreen */ = {
			isa = PBXGroup;
			children = (
				C328ABB52773C18000ABF465 /* TabBarSearchViewModelClass */,
				C328ABB42773C17700ABF465 /* TabBarSearchViewController */,
			);
			path = TabBarSearchScreen;
			sourceTree = "<group>";
		};
		C328ABB42773C17700ABF465 /* TabBarSearchViewController */ = {
			isa = PBXGroup;
			children = (
				C328ABBA2773C4C700ABF465 /* TabBarSearchViewControllerTableViewCell */,
				C328ABB62773C1B200ABF465 /* TabBarSearchViewController.swift */,
			);
			path = TabBarSearchViewController;
			sourceTree = "<group>";
		};
		C328ABB52773C18000ABF465 /* TabBarSearchViewModelClass */ = {
			isa = PBXGroup;
			children = (
				C328ABB82773C1CD00ABF465 /* TabBarSearchViewModelClass.swift */,
			);
			path = TabBarSearchViewModelClass;
			sourceTree = "<group>";
		};
		C328ABBA2773C4C700ABF465 /* TabBarSearchViewControllerTableViewCell */ = {
			isa = PBXGroup;
			children = (
				C328ABBB2773C4F400ABF465 /* TabBarSearchViewControllerTableViewCell.swift */,
			);
			path = TabBarSearchViewControllerTableViewCell;
			sourceTree = "<group>";
		};
		C328ABBD2773CEA900ABF465 /* SymbolReportingScreen */ = {
			isa = PBXGroup;
			children = (
				C328ABBF2773CECE00ABF465 /* SymbolReportingViewModelClass */,
				C328ABBE2773CEBE00ABF465 /* SymbolReportingViewController */,
			);
			path = SymbolReportingScreen;
			sourceTree = "<group>";
		};
		C328ABBE2773CEBE00ABF465 /* SymbolReportingViewController */ = {
			isa = PBXGroup;
			children = (
				C328ABC42773CF0500ABF465 /* SymbolReportingViewControllerTableviewCell */,
				C328ABC02773CEEA00ABF465 /* SymbolReportingViewController.swift */,
				C328ABC12773CEEA00ABF465 /* SymbolReportingViewController.xib */,
			);
			path = SymbolReportingViewController;
			sourceTree = "<group>";
		};
		C328ABBF2773CECE00ABF465 /* SymbolReportingViewModelClass */ = {
			isa = PBXGroup;
			children = (
				C328ABC92773D56F00ABF465 /* SymbolReportingViewModelClass.swift */,
			);
			path = SymbolReportingViewModelClass;
			sourceTree = "<group>";
		};
		C328ABC42773CF0500ABF465 /* SymbolReportingViewControllerTableviewCell */ = {
			isa = PBXGroup;
			children = (
				C328ABC52773CF2100ABF465 /* SymbolReportingViewControllerTableviewCell.swift */,
				C328ABC62773CF2100ABF465 /* SymbolReportingViewControllerTableviewCell.xib */,
			);
			path = SymbolReportingViewControllerTableviewCell;
			sourceTree = "<group>";
		};
		C328ABCB2774002400ABF465 /* TabBarUserLoginScreen */ = {
			isa = PBXGroup;
			children = (
				C328ABCC2774004C00ABF465 /* TabBarUserLoginViewController.swift */,
			);
			path = TabBarUserLoginScreen;
			sourceTree = "<group>";
		};
		C328ABCE2774143700ABF465 /* CoreDataClasses */ = {
			isa = PBXGroup;
			children = (
				C328ABCF2774149200ABF465 /* Symbol+CoreDataClass.swift */,
				C328ABD02774149200ABF465 /* Symbol+CoreDataProperties.swift */,
				C328ABD12774149200ABF465 /* Users+CoreDataClass.swift */,
				C328ABD22774149200ABF465 /* Users+CoreDataProperties.swift */,
			);
			path = CoreDataClasses;
			sourceTree = "<group>";
		};
/* End PBXGroup section */

/* Begin PBXNativeTarget section */
		C328AB3527710C5700ABF465 /* AlphaVantageTestProject */ = {
			isa = PBXNativeTarget;
			buildConfigurationList = C328AB6327710C5900ABF465 /* Build configuration list for PBXNativeTarget "AlphaVantageTestProject" */;
			buildPhases = (
				C328AB3227710C5700ABF465 /* Sources */,
				C328AB3327710C5700ABF465 /* Frameworks */,
				C328AB3427710C5700ABF465 /* Resources */,
			);
			buildRules = (
			);
			dependencies = (
			);
			name = AlphaVantageTestProject;
			productName = AlphaVantageTestProject;
			productReference = C328AB3627710C5700ABF465 /* AlphaVantageTestProject.app */;
			productType = "com.apple.product-type.application";
		};
		C328AB4E27710C5900ABF465 /* AlphaVantageTestProjectTests */ = {
			isa = PBXNativeTarget;
			buildConfigurationList = C328AB6627710C5900ABF465 /* Build configuration list for PBXNativeTarget "AlphaVantageTestProjectTests" */;
			buildPhases = (
				C328AB4B27710C5900ABF465 /* Sources */,
				C328AB4C27710C5900ABF465 /* Frameworks */,
				C328AB4D27710C5900ABF465 /* Resources */,
			);
			buildRules = (
			);
			dependencies = (
				C328AB5127710C5900ABF465 /* PBXTargetDependency */,
			);
			name = AlphaVantageTestProjectTests;
			productName = AlphaVantageTestProjectTests;
			productReference = C328AB4F27710C5900ABF465 /* AlphaVantageTestProjectTests.xctest */;
			productType = "com.apple.product-type.bundle.unit-test";
		};
		C328AB5827710C5900ABF465 /* AlphaVantageTestProjectUITests */ = {
			isa = PBXNativeTarget;
			buildConfigurationList = C328AB6927710C5900ABF465 /* Build configuration list for PBXNativeTarget "AlphaVantageTestProjectUITests" */;
			buildPhases = (
				C328AB5527710C5900ABF465 /* Sources */,
				C328AB5627710C5900ABF465 /* Frameworks */,
				C328AB5727710C5900ABF465 /* Resources */,
			);
			buildRules = (
			);
			dependencies = (
				C328AB5B27710C5900ABF465 /* PBXTargetDependency */,
			);
			name = AlphaVantageTestProjectUITests;
			productName = AlphaVantageTestProjectUITests;
			productReference = C328AB5927710C5900ABF465 /* AlphaVantageTestProjectUITests.xctest */;
			productType = "com.apple.product-type.bundle.ui-testing";
		};
/* End PBXNativeTarget section */

/* Begin PBXProject section */
		C328AB2E27710C5700ABF465 /* Project object */ = {
			isa = PBXProject;
			attributes = {
				BuildIndependentTargetsInParallel = 1;
				LastSwiftUpdateCheck = 1310;
				LastUpgradeCheck = 1310;
				TargetAttributes = {
					C328AB3527710C5700ABF465 = {
						CreatedOnToolsVersion = 13.1;
					};
					C328AB4E27710C5900ABF465 = {
						CreatedOnToolsVersion = 13.1;
						TestTargetID = C328AB3527710C5700ABF465;
					};
					C328AB5827710C5900ABF465 = {
						CreatedOnToolsVersion = 13.1;
						TestTargetID = C328AB3527710C5700ABF465;
					};
				};
			};
			buildConfigurationList = C328AB3127710C5700ABF465 /* Build configuration list for PBXProject "AlphaVantageTestProject" */;
			compatibilityVersion = "Xcode 13.0";
			developmentRegion = en;
			hasScannedForEncodings = 0;
			knownRegions = (
				en,
				Base,
			);
			mainGroup = C328AB2D27710C5700ABF465;
			productRefGroup = C328AB3727710C5700ABF465 /* Products */;
			projectDirPath = "";
			projectRoot = "";
			targets = (
				C328AB3527710C5700ABF465 /* AlphaVantageTestProject */,
				C328AB4E27710C5900ABF465 /* AlphaVantageTestProjectTests */,
				C328AB5827710C5900ABF465 /* AlphaVantageTestProjectUITests */,
			);
		};
/* End PBXProject section */

/* Begin PBXResourcesBuildPhase section */
		C328AB3427710C5700ABF465 /* Resources */ = {
			isa = PBXResourcesBuildPhase;
			buildActionMask = 2147483647;
			files = (
				C328ABC82773CF2100ABF465 /* SymbolReportingViewControllerTableviewCell.xib in Resources */,
				C328AB4927710C5800ABF465 /* LaunchScreen.storyboard in Resources */,
				C328AB4627710C5800ABF465 /* Assets.xcassets in Resources */,
				C328AB4127710C5700ABF465 /* Main.storyboard in Resources */,
				C328ABC32773CEEA00ABF465 /* SymbolReportingViewController.xib in Resources */,
			);
			runOnlyForDeploymentPostprocessing = 0;
		};
		C328AB4D27710C5900ABF465 /* Resources */ = {
			isa = PBXResourcesBuildPhase;
			buildActionMask = 2147483647;
			files = (
			);
			runOnlyForDeploymentPostprocessing = 0;
		};
		C328AB5727710C5900ABF465 /* Resources */ = {
			isa = PBXResourcesBuildPhase;
			buildActionMask = 2147483647;
			files = (
			);
			runOnlyForDeploymentPostprocessing = 0;
		};
/* End PBXResourcesBuildPhase section */

/* Begin PBXSourcesBuildPhase section */
		C328AB3227710C5700ABF465 /* Sources */ = {
			isa = PBXSourcesBuildPhase;
			buildActionMask = 2147483647;
			files = (
				C328ABC22773CEEA00ABF465 /* SymbolReportingViewController.swift in Sources */,
				C328ABB72773C1B200ABF465 /* TabBarSearchViewController.swift in Sources */,
				C328ABA62773AD0400ABF465 /* LocalDataStore.swift in Sources */,
				C328ABD42774149200ABF465 /* Symbol+CoreDataProperties.swift in Sources */,
				C328ABC72773CF2100ABF465 /* SymbolReportingViewControllerTableviewCell.swift in Sources */,
				C328AB3E27710C5700ABF465 /* ViewController.swift in Sources */,
				C328ABD32774149200ABF465 /* Symbol+CoreDataClass.swift in Sources */,
				C328AB3A27710C5700ABF465 /* AppDelegate.swift in Sources */,
				C328ABB12773BC3C00ABF465 /* SymbolReportingDataClass.swift in Sources */,
				C328AB3C27710C5700ABF465 /* SceneDelegate.swift in Sources */,
				C328ABAF2773B7C900ABF465 /* AppDataStore.swift in Sources */,
				C328AB4427710C5700ABF465 /* AlphaVantageTestProject.xcdatamodeld in Sources */,
				C328ABAA2773AD4E00ABF465 /* AlphaVantageUrlProvider.swift in Sources */,
				C328AB76277241CD00ABF465 /* CSVParser.swift in Sources */,
				C328ABCD2774004C00ABF465 /* TabBarUserLoginViewController.swift in Sources */,
				C328ABAD2773B2B700ABF465 /* SymbolDataClass.swift in Sources */,
				C328ABBC2773C4F400ABF465 /* TabBarSearchViewControllerTableViewCell.swift in Sources */,
				C328ABB92773C1CD00ABF465 /* TabBarSearchViewModelClass.swift in Sources */,
				C328ABD52774149200ABF465 /* Users+CoreDataClass.swift in Sources */,
				C328ABA42773ACD700ABF465 /* AlphaVantageOnlineStore.swift in Sources */,
				C328AB7027710CE700ABF465 /* Keys.swift in Sources */,
				C328ABD62774149200ABF465 /* Users+CoreDataProperties.swift in Sources */,
				C328ABCA2773D56F00ABF465 /* SymbolReportingViewModelClass.swift in Sources */,
			);
			runOnlyForDeploymentPostprocessing = 0;
		};
		C328AB4B27710C5900ABF465 /* Sources */ = {
			isa = PBXSourcesBuildPhase;
			buildActionMask = 2147483647;
			files = (
				C328AB5427710C5900ABF465 /* AlphaVantageTestProjectTests.swift in Sources */,
			);
			runOnlyForDeploymentPostprocessing = 0;
		};
		C328AB5527710C5900ABF465 /* Sources */ = {
			isa = PBXSourcesBuildPhase;
			buildActionMask = 2147483647;
			files = (
				C328AB6027710C5900ABF465 /* AlphaVantageTestProjectUITestsLaunchTests.swift in Sources */,
				C328AB5E27710C5900ABF465 /* AlphaVantageTestProjectUITests.swift in Sources */,
			);
			runOnlyForDeploymentPostprocessing = 0;
		};
/* End PBXSourcesBuildPhase section */

/* Begin PBXTargetDependency section */
		C328AB5127710C5900ABF465 /* PBXTargetDependency */ = {
			isa = PBXTargetDependency;
			target = C328AB3527710C5700ABF465 /* AlphaVantageTestProject */;
			targetProxy = C328AB5027710C5900ABF465 /* PBXContainerItemProxy */;
		};
		C328AB5B27710C5900ABF465 /* PBXTargetDependency */ = {
			isa = PBXTargetDependency;
			target = C328AB3527710C5700ABF465 /* AlphaVantageTestProject */;
			targetProxy = C328AB5A27710C5900ABF465 /* PBXContainerItemProxy */;
		};
/* End PBXTargetDependency section */

/* Begin PBXVariantGroup section */
		C328AB3F27710C5700ABF465 /* Main.storyboard */ = {
			isa = PBXVariantGroup;
			children = (
				C328AB4027710C5700ABF465 /* Base */,
			);
			name = Main.storyboard;
			sourceTree = "<group>";
		};
		C328AB4727710C5800ABF465 /* LaunchScreen.storyboard */ = {
			isa = PBXVariantGroup;
			children = (
				C328AB4827710C5800ABF465 /* Base */,
			);
			name = LaunchScreen.storyboard;
			sourceTree = "<group>";
		};
/* End PBXVariantGroup section */

/* Begin XCBuildConfiguration section */
		C328AB6127710C5900ABF465 /* Debug */ = {
			isa = XCBuildConfiguration;
			buildSettings = {
				ALWAYS_SEARCH_USER_PATHS = NO;
				CLANG_ANALYZER_NONNULL = YES;
				CLANG_ANALYZER_NUMBER_OBJECT_CONVERSION = YES_AGGRESSIVE;
				CLANG_CXX_LANGUAGE_STANDARD = "gnu++17";
				CLANG_CXX_LIBRARY = "libc++";
				CLANG_ENABLE_MODULES = YES;
				CLANG_ENABLE_OBJC_ARC = YES;
				CLANG_ENABLE_OBJC_WEAK = YES;
				CLANG_WARN_BLOCK_CAPTURE_AUTORELEASING = YES;
				CLANG_WARN_BOOL_CONVERSION = YES;
				CLANG_WARN_COMMA = YES;
				CLANG_WARN_CONSTANT_CONVERSION = YES;
				CLANG_WARN_DEPRECATED_OBJC_IMPLEMENTATIONS = YES;
				CLANG_WARN_DIRECT_OBJC_ISA_USAGE = YES_ERROR;
				CLANG_WARN_DOCUMENTATION_COMMENTS = YES;
				CLANG_WARN_EMPTY_BODY = YES;
				CLANG_WARN_ENUM_CONVERSION = YES;
				CLANG_WARN_INFINITE_RECURSION = YES;
				CLANG_WARN_INT_CONVERSION = YES;
				CLANG_WARN_NON_LITERAL_NULL_CONVERSION = YES;
				CLANG_WARN_OBJC_IMPLICIT_RETAIN_SELF = YES;
				CLANG_WARN_OBJC_LITERAL_CONVERSION = YES;
				CLANG_WARN_OBJC_ROOT_CLASS = YES_ERROR;
				CLANG_WARN_QUOTED_INCLUDE_IN_FRAMEWORK_HEADER = YES;
				CLANG_WARN_RANGE_LOOP_ANALYSIS = YES;
				CLANG_WARN_STRICT_PROTOTYPES = YES;
				CLANG_WARN_SUSPICIOUS_MOVE = YES;
				CLANG_WARN_UNGUARDED_AVAILABILITY = YES_AGGRESSIVE;
				CLANG_WARN_UNREACHABLE_CODE = YES;
				CLANG_WARN__DUPLICATE_METHOD_MATCH = YES;
				COPY_PHASE_STRIP = NO;
				DEBUG_INFORMATION_FORMAT = dwarf;
				ENABLE_STRICT_OBJC_MSGSEND = YES;
				ENABLE_TESTABILITY = YES;
				GCC_C_LANGUAGE_STANDARD = gnu11;
				GCC_DYNAMIC_NO_PIC = NO;
				GCC_NO_COMMON_BLOCKS = YES;
				GCC_OPTIMIZATION_LEVEL = 0;
				GCC_PREPROCESSOR_DEFINITIONS = (
					"DEBUG=1",
					"$(inherited)",
				);
				GCC_WARN_64_TO_32_BIT_CONVERSION = YES;
				GCC_WARN_ABOUT_RETURN_TYPE = YES_ERROR;
				GCC_WARN_UNDECLARED_SELECTOR = YES;
				GCC_WARN_UNINITIALIZED_AUTOS = YES_AGGRESSIVE;
				GCC_WARN_UNUSED_FUNCTION = YES;
				GCC_WARN_UNUSED_VARIABLE = YES;
				IPHONEOS_DEPLOYMENT_TARGET = 15.0;
				MTL_ENABLE_DEBUG_INFO = INCLUDE_SOURCE;
				MTL_FAST_MATH = YES;
				ONLY_ACTIVE_ARCH = YES;
				SDKROOT = iphoneos;
				SWIFT_ACTIVE_COMPILATION_CONDITIONS = DEBUG;
				SWIFT_OPTIMIZATION_LEVEL = "-Onone";
			};
			name = Debug;
		};
		C328AB6227710C5900ABF465 /* Release */ = {
			isa = XCBuildConfiguration;
			buildSettings = {
				ALWAYS_SEARCH_USER_PATHS = NO;
				CLANG_ANALYZER_NONNULL = YES;
				CLANG_ANALYZER_NUMBER_OBJECT_CONVERSION = YES_AGGRESSIVE;
				CLANG_CXX_LANGUAGE_STANDARD = "gnu++17";
				CLANG_CXX_LIBRARY = "libc++";
				CLANG_ENABLE_MODULES = YES;
				CLANG_ENABLE_OBJC_ARC = YES;
				CLANG_ENABLE_OBJC_WEAK = YES;
				CLANG_WARN_BLOCK_CAPTURE_AUTORELEASING = YES;
				CLANG_WARN_BOOL_CONVERSION = YES;
				CLANG_WARN_COMMA = YES;
				CLANG_WARN_CONSTANT_CONVERSION = YES;
				CLANG_WARN_DEPRECATED_OBJC_IMPLEMENTATIONS = YES;
				CLANG_WARN_DIRECT_OBJC_ISA_USAGE = YES_ERROR;
				CLANG_WARN_DOCUMENTATION_COMMENTS = YES;
				CLANG_WARN_EMPTY_BODY = YES;
				CLANG_WARN_ENUM_CONVERSION = YES;
				CLANG_WARN_INFINITE_RECURSION = YES;
				CLANG_WARN_INT_CONVERSION = YES;
				CLANG_WARN_NON_LITERAL_NULL_CONVERSION = YES;
				CLANG_WARN_OBJC_IMPLICIT_RETAIN_SELF = YES;
				CLANG_WARN_OBJC_LITERAL_CONVERSION = YES;
				CLANG_WARN_OBJC_ROOT_CLASS = YES_ERROR;
				CLANG_WARN_QUOTED_INCLUDE_IN_FRAMEWORK_HEADER = YES;
				CLANG_WARN_RANGE_LOOP_ANALYSIS = YES;
				CLANG_WARN_STRICT_PROTOTYPES = YES;
				CLANG_WARN_SUSPICIOUS_MOVE = YES;
				CLANG_WARN_UNGUARDED_AVAILABILITY = YES_AGGRESSIVE;
				CLANG_WARN_UNREACHABLE_CODE = YES;
				CLANG_WARN__DUPLICATE_METHOD_MATCH = YES;
				COPY_PHASE_STRIP = NO;
				DEBUG_INFORMATION_FORMAT = "dwarf-with-dsym";
				ENABLE_NS_ASSERTIONS = NO;
				ENABLE_STRICT_OBJC_MSGSEND = YES;
				GCC_C_LANGUAGE_STANDARD = gnu11;
				GCC_NO_COMMON_BLOCKS = YES;
				GCC_WARN_64_TO_32_BIT_CONVERSION = YES;
				GCC_WARN_ABOUT_RETURN_TYPE = YES_ERROR;
				GCC_WARN_UNDECLARED_SELECTOR = YES;
				GCC_WARN_UNINITIALIZED_AUTOS = YES_AGGRESSIVE;
				GCC_WARN_UNUSED_FUNCTION = YES;
				GCC_WARN_UNUSED_VARIABLE = YES;
				IPHONEOS_DEPLOYMENT_TARGET = 15.0;
				MTL_ENABLE_DEBUG_INFO = NO;
				MTL_FAST_MATH = YES;
				SDKROOT = iphoneos;
				SWIFT_COMPILATION_MODE = wholemodule;
				SWIFT_OPTIMIZATION_LEVEL = "-O";
				VALIDATE_PRODUCT = YES;
			};
			name = Release;
		};
		C328AB6427710C5900ABF465 /* Debug */ = {
			isa = XCBuildConfiguration;
			buildSettings = {
				ASSETCATALOG_COMPILER_APPICON_NAME = AppIcon;
				ASSETCATALOG_COMPILER_GLOBAL_ACCENT_COLOR_NAME = AccentColor;
				CODE_SIGN_STYLE = Automatic;
				CURRENT_PROJECT_VERSION = 1;
				DEVELOPMENT_TEAM = K662H268B7;
				GENERATE_INFOPLIST_FILE = YES;
				INFOPLIST_FILE = AlphaVantageTestProject/Info.plist;
				INFOPLIST_KEY_UIApplicationSupportsIndirectInputEvents = YES;
				INFOPLIST_KEY_UILaunchStoryboardName = LaunchScreen;
				INFOPLIST_KEY_UIMainStoryboardFile = Main;
				INFOPLIST_KEY_UISupportedInterfaceOrientations_iPad = "UIInterfaceOrientationPortrait UIInterfaceOrientationPortraitUpsideDown UIInterfaceOrientationLandscapeLeft UIInterfaceOrientationLandscapeRight";
				INFOPLIST_KEY_UISupportedInterfaceOrientations_iPhone = "UIInterfaceOrientationPortrait UIInterfaceOrientationLandscapeLeft UIInterfaceOrientationLandscapeRight";
				LD_RUNPATH_SEARCH_PATHS = (
					"$(inherited)",
					"@executable_path/Frameworks",
				);
				MARKETING_VERSION = 1.0;
				PRODUCT_BUNDLE_IDENTIFIER = com.dl.AlphaVantageTestProject;
				PRODUCT_NAME = "$(TARGET_NAME)";
				SWIFT_EMIT_LOC_STRINGS = YES;
				SWIFT_VERSION = 5.0;
				TARGETED_DEVICE_FAMILY = "1,2";
			};
			name = Debug;
		};
		C328AB6527710C5900ABF465 /* Release */ = {
			isa = XCBuildConfiguration;
			buildSettings = {
				ASSETCATALOG_COMPILER_APPICON_NAME = AppIcon;
				ASSETCATALOG_COMPILER_GLOBAL_ACCENT_COLOR_NAME = AccentColor;
				CODE_SIGN_STYLE = Automatic;
				CURRENT_PROJECT_VERSION = 1;
				DEVELOPMENT_TEAM = K662H268B7;
				GENERATE_INFOPLIST_FILE = YES;
				INFOPLIST_FILE = AlphaVantageTestProject/Info.plist;
				INFOPLIST_KEY_UIApplicationSupportsIndirectInputEvents = YES;
				INFOPLIST_KEY_UILaunchStoryboardName = LaunchScreen;
				INFOPLIST_KEY_UIMainStoryboardFile = Main;
				INFOPLIST_KEY_UISupportedInterfaceOrientations_iPad = "UIInterfaceOrientationPortrait UIInterfaceOrientationPortraitUpsideDown UIInterfaceOrientationLandscapeLeft UIInterfaceOrientationLandscapeRight";
				INFOPLIST_KEY_UISupportedInterfaceOrientations_iPhone = "UIInterfaceOrientationPortrait UIInterfaceOrientationLandscapeLeft UIInterfaceOrientationLandscapeRight";
				LD_RUNPATH_SEARCH_PATHS = (
					"$(inherited)",
					"@executable_path/Frameworks",
				);
				MARKETING_VERSION = 1.0;
				PRODUCT_BUNDLE_IDENTIFIER = com.dl.AlphaVantageTestProject;
				PRODUCT_NAME = "$(TARGET_NAME)";
				SWIFT_EMIT_LOC_STRINGS = YES;
				SWIFT_VERSION = 5.0;
				TARGETED_DEVICE_FAMILY = "1,2";
			};
			name = Release;
		};
		C328AB6727710C5900ABF465 /* Debug */ = {
			isa = XCBuildConfiguration;
			buildSettings = {
				ALWAYS_EMBED_SWIFT_STANDARD_LIBRARIES = YES;
				BUNDLE_LOADER = "$(TEST_HOST)";
				CODE_SIGN_STYLE = Automatic;
				CURRENT_PROJECT_VERSION = 1;
				DEVELOPMENT_TEAM = K662H268B7;
				GENERATE_INFOPLIST_FILE = YES;
				IPHONEOS_DEPLOYMENT_TARGET = 15.0;
				LD_RUNPATH_SEARCH_PATHS = (
					"$(inherited)",
					"@executable_path/Frameworks",
					"@loader_path/Frameworks",
				);
				MARKETING_VERSION = 1.0;
				PRODUCT_BUNDLE_IDENTIFIER = com.dl.AlphaVantageTestProjectTests;
				PRODUCT_NAME = "$(TARGET_NAME)";
				SWIFT_EMIT_LOC_STRINGS = NO;
				SWIFT_VERSION = 5.0;
				TARGETED_DEVICE_FAMILY = "1,2";
				TEST_HOST = "$(BUILT_PRODUCTS_DIR)/AlphaVantageTestProject.app/AlphaVantageTestProject";
			};
			name = Debug;
		};
		C328AB6827710C5900ABF465 /* Release */ = {
			isa = XCBuildConfiguration;
			buildSettings = {
				ALWAYS_EMBED_SWIFT_STANDARD_LIBRARIES = YES;
				BUNDLE_LOADER = "$(TEST_HOST)";
				CODE_SIGN_STYLE = Automatic;
				CURRENT_PROJECT_VERSION = 1;
				DEVELOPMENT_TEAM = K662H268B7;
				GENERATE_INFOPLIST_FILE = YES;
				IPHONEOS_DEPLOYMENT_TARGET = 15.0;
				LD_RUNPATH_SEARCH_PATHS = (
					"$(inherited)",
					"@executable_path/Frameworks",
					"@loader_path/Frameworks",
				);
				MARKETING_VERSION = 1.0;
				PRODUCT_BUNDLE_IDENTIFIER = com.dl.AlphaVantageTestProjectTests;
				PRODUCT_NAME = "$(TARGET_NAME)";
				SWIFT_EMIT_LOC_STRINGS = NO;
				SWIFT_VERSION = 5.0;
				TARGETED_DEVICE_FAMILY = "1,2";
				TEST_HOST = "$(BUILT_PRODUCTS_DIR)/AlphaVantageTestProject.app/AlphaVantageTestProject";
			};
			name = Release;
		};
		C328AB6A27710C5900ABF465 /* Debug */ = {
			isa = XCBuildConfiguration;
			buildSettings = {
				ALWAYS_EMBED_SWIFT_STANDARD_LIBRARIES = YES;
				CODE_SIGN_STYLE = Automatic;
				CURRENT_PROJECT_VERSION = 1;
				DEVELOPMENT_TEAM = K662H268B7;
				GENERATE_INFOPLIST_FILE = YES;
				LD_RUNPATH_SEARCH_PATHS = (
					"$(inherited)",
					"@executable_path/Frameworks",
					"@loader_path/Frameworks",
				);
				MARKETING_VERSION = 1.0;
				PRODUCT_BUNDLE_IDENTIFIER = com.dl.AlphaVantageTestProjectUITests;
				PRODUCT_NAME = "$(TARGET_NAME)";
				SWIFT_EMIT_LOC_STRINGS = NO;
				SWIFT_VERSION = 5.0;
				TARGETED_DEVICE_FAMILY = "1,2";
				TEST_TARGET_NAME = AlphaVantageTestProject;
			};
			name = Debug;
		};
		C328AB6B27710C5900ABF465 /* Release */ = {
			isa = XCBuildConfiguration;
			buildSettings = {
				ALWAYS_EMBED_SWIFT_STANDARD_LIBRARIES = YES;
				CODE_SIGN_STYLE = Automatic;
				CURRENT_PROJECT_VERSION = 1;
				DEVELOPMENT_TEAM = K662H268B7;
				GENERATE_INFOPLIST_FILE = YES;
				LD_RUNPATH_SEARCH_PATHS = (
					"$(inherited)",
					"@executable_path/Frameworks",
					"@loader_path/Frameworks",
				);
				MARKETING_VERSION = 1.0;
				PRODUCT_BUNDLE_IDENTIFIER = com.dl.AlphaVantageTestProjectUITests;
				PRODUCT_NAME = "$(TARGET_NAME)";
				SWIFT_EMIT_LOC_STRINGS = NO;
				SWIFT_VERSION = 5.0;
				TARGETED_DEVICE_FAMILY = "1,2";
				TEST_TARGET_NAME = AlphaVantageTestProject;
			};
			name = Release;
		};
/* End XCBuildConfiguration section */

/* Begin XCConfigurationList section */
		C328AB3127710C5700ABF465 /* Build configuration list for PBXProject "AlphaVantageTestProject" */ = {
			isa = XCConfigurationList;
			buildConfigurations = (
				C328AB6127710C5900ABF465 /* Debug */,
				C328AB6227710C5900ABF465 /* Release */,
			);
			defaultConfigurationIsVisible = 0;
			defaultConfigurationName = Release;
		};
		C328AB6327710C5900ABF465 /* Build configuration list for PBXNativeTarget "AlphaVantageTestProject" */ = {
			isa = XCConfigurationList;
			buildConfigurations = (
				C328AB6427710C5900ABF465 /* Debug */,
				C328AB6527710C5900ABF465 /* Release */,
			);
			defaultConfigurationIsVisible = 0;
			defaultConfigurationName = Release;
		};
		C328AB6627710C5900ABF465 /* Build configuration list for PBXNativeTarget "AlphaVantageTestProjectTests" */ = {
			isa = XCConfigurationList;
			buildConfigurations = (
				C328AB6727710C5900ABF465 /* Debug */,
				C328AB6827710C5900ABF465 /* Release */,
			);
			defaultConfigurationIsVisible = 0;
			defaultConfigurationName = Release;
		};
		C328AB6927710C5900ABF465 /* Build configuration list for PBXNativeTarget "AlphaVantageTestProjectUITests" */ = {
			isa = XCConfigurationList;
			buildConfigurations = (
				C328AB6A27710C5900ABF465 /* Debug */,
				C328AB6B27710C5900ABF465 /* Release */,
			);
			defaultConfigurationIsVisible = 0;
			defaultConfigurationName = Release;
		};
/* End XCConfigurationList section */

/* Begin XCVersionGroup section */
		C328AB4227710C5700ABF465 /* AlphaVantageTestProject.xcdatamodeld */ = {
			isa = XCVersionGroup;
			children = (
				C328AB4327710C5700ABF465 /* AlphaVantageTestProject.xcdatamodel */,
			);
			currentVersion = C328AB4327710C5700ABF465 /* AlphaVantageTestProject.xcdatamodel */;
			path = AlphaVantageTestProject.xcdatamodeld;
			sourceTree = "<group>";
			versionGroupType = wrapper.xcdatamodel;
		};
/* End XCVersionGroup section */
	};
	rootObject = C328AB2E27710C5700ABF465 /* Project object */;
}
